
Microsoft Visual Studio Solution File, Format Version 12.00
# Visual Studio 14
VisualStudioVersion = 14.0.23107.0
MinimumVisualStudioVersion = 10.0.40219.1
Project("{FAE04EC0-301F-11D3-BF4B-00C04F79EFBC}") = "App4.Droid", "App4\App4.Droid\App4.Droid.csproj", "{8CAE7EDA-C404-46BA-AA76-04892359F74E}"
EndProject
Project("{FAE04EC0-301F-11D3-BF4B-00C04F79EFBC}") = "App4.iOS", "App4\App4.iOS\App4.iOS.csproj", "{AD8673E8-DE1B-4E00-84EE-1185F6096099}"
EndProject
Project("{FAE04EC0-301F-11D3-BF4B-00C04F79EFBC}") = "App4.WinPhone", "App4\App4.WinPhone\App4.WinPhone.csproj", "{8BA8D937-D8B6-4F85-9D7A-15971E64E9A1}"
EndProject
Project("{FAE04EC0-301F-11D3-BF4B-00C04F79EFBC}") = "App4", "App4\App4\App4.csproj", "{38E17211-B717-49A4-A7C1-01A872BC9EF6}"
EndProject
Project("{2150E333-8FDC-42A3-9474-1A3956D46DE8}") = "Forms", "Forms", "{CF21C455-F282-4B6F-B575-116B27AD04B9}"
EndProject
Project("{2150E333-8FDC-42A3-9474-1A3956D46DE8}") = "SharedCode", "SharedCode", "{71B616F4-FFE7-44F5-98E6-FA041C26FB81}"
EndProject
Project("{FAE04EC0-301F-11D3-BF4B-00C04F79EFBC}") = "Phylogen.Portable", "Phylogen.Portable\Phylogen.Portable.csproj", "{6F90B13B-03CC-4D31-9CD0-38C999561B93}"
EndProject
Project("{2150E333-8FDC-42A3-9474-1A3956D46DE8}") = "Desktop", "Desktop", "{8646FD85-7561-420D-883F-A74DB4ADFA8C}"
EndProject
Global
	GlobalSection(SolutionConfigurationPlatforms) = preSolution
		Ad-Hoc|Any CPU = Ad-Hoc|Any CPU
		Ad-Hoc|ARM = Ad-Hoc|ARM
		Ad-Hoc|iPhone = Ad-Hoc|iPhone
		Ad-Hoc|iPhoneSimulator = Ad-Hoc|iPhoneSimulator
		Ad-Hoc|x64 = Ad-Hoc|x64
		Ad-Hoc|x86 = Ad-Hoc|x86
		AppStore|Any CPU = AppStore|Any CPU
		AppStore|ARM = AppStore|ARM
		AppStore|iPhone = AppStore|iPhone
		AppStore|iPhoneSimulator = AppStore|iPhoneSimulator
		AppStore|x64 = AppStore|x64
		AppStore|x86 = AppStore|x86
		Debug|Any CPU = Debug|Any CPU
		Debug|ARM = Debug|ARM
		Debug|iPhone = Debug|iPhone
		Debug|iPhoneSimulator = Debug|iPhoneSimulator
		Debug|x64 = Debug|x64
		Debug|x86 = Debug|x86
		Release|Any CPU = Release|Any CPU
		Release|ARM = Release|ARM
		Release|iPhone = Release|iPhone
		Release|iPhoneSimulator = Release|iPhoneSimulator
		Release|x64 = Release|x64
		Release|x86 = Release|x86
	EndGlobalSection
	GlobalSection(ProjectConfigurationPlatforms) = postSolution
		{8CAE7EDA-C404-46BA-AA76-04892359F74E}.Ad-Hoc|Any CPU.ActiveCfg = Release|Any CPU
		{8CAE7EDA-C404-46BA-AA76-04892359F74E}.Ad-Hoc|Any CPU.Build.0 = Release|Any CPU
		{8CAE7EDA-C404-46BA-AA76-04892359F74E}.Ad-Hoc|Any CPU.Deploy.0 = Release|Any CPU
		{8CAE7EDA-C404-46BA-AA76-04892359F74E}.Ad-Hoc|ARM.ActiveCfg = Release|Any CPU
		{8CAE7EDA-C404-46BA-AA76-04892359F74E}.Ad-Hoc|ARM.Build.0 = Release|Any CPU
		{8CAE7EDA-C404-46BA-AA76-04892359F74E}.Ad-Hoc|ARM.Deploy.0 = Release|Any CPU
		{8CAE7EDA-C404-46BA-AA76-04892359F74E}.Ad-Hoc|iPhone.ActiveCfg = Release|Any CPU
		{8CAE7EDA-C404-46BA-AA76-04892359F74E}.Ad-Hoc|iPhone.Build.0 = Release|Any CPU
		{8CAE7EDA-C404-46BA-AA76-04892359F74E}.Ad-Hoc|iPhone.Deploy.0 = Release|Any CPU
		{8CAE7EDA-C404-46BA-AA76-04892359F74E}.Ad-Hoc|iPhoneSimulator.ActiveCfg = Release|Any CPU
		{8CAE7EDA-C404-46BA-AA76-04892359F74E}.Ad-Hoc|iPhoneSimulator.Build.0 = Release|Any CPU
		{8CAE7EDA-C404-46BA-AA76-04892359F74E}.Ad-Hoc|iPhoneSimulator.Deploy.0 = Release|Any CPU
		{8CAE7EDA-C404-46BA-AA76-04892359F74E}.Ad-Hoc|x64.ActiveCfg = Debug|Any CPU
		{8CAE7EDA-C404-46BA-AA76-04892359F74E}.Ad-Hoc|x64.Build.0 = Debug|Any CPU
		{8CAE7EDA-C404-46BA-AA76-04892359F74E}.Ad-Hoc|x64.Deploy.0 = Debug|Any CPU
		{8CAE7EDA-C404-46BA-AA76-04892359F74E}.Ad-Hoc|x86.ActiveCfg = Release|Any CPU
		{8CAE7EDA-C404-46BA-AA76-04892359F74E}.Ad-Hoc|x86.Build.0 = Release|Any CPU
		{8CAE7EDA-C404-46BA-AA76-04892359F74E}.Ad-Hoc|x86.Deploy.0 = Release|Any CPU
		{8CAE7EDA-C404-46BA-AA76-04892359F74E}.AppStore|Any CPU.ActiveCfg = Release|Any CPU
		{8CAE7EDA-C404-46BA-AA76-04892359F74E}.AppStore|Any CPU.Build.0 = Release|Any CPU
		{8CAE7EDA-C404-46BA-AA76-04892359F74E}.AppStore|Any CPU.Deploy.0 = Release|Any CPU
		{8CAE7EDA-C404-46BA-AA76-04892359F74E}.AppStore|ARM.ActiveCfg = Release|Any CPU
		{8CAE7EDA-C404-46BA-AA76-04892359F74E}.AppStore|ARM.Build.0 = Release|Any CPU
		{8CAE7EDA-C404-46BA-AA76-04892359F74E}.AppStore|ARM.Deploy.0 = Release|Any CPU
		{8CAE7EDA-C404-46BA-AA76-04892359F74E}.AppStore|iPhone.ActiveCfg = Release|Any CPU
		{8CAE7EDA-C404-46BA-AA76-04892359F74E}.AppStore|iPhone.Build.0 = Release|Any CPU
		{8CAE7EDA-C404-46BA-AA76-04892359F74E}.AppStore|iPhone.Deploy.0 = Release|Any CPU
		{8CAE7EDA-C404-46BA-AA76-04892359F74E}.AppStore|iPhoneSimulator.ActiveCfg = Release|Any CPU
		{8CAE7EDA-C404-46BA-AA76-04892359F74E}.AppStore|iPhoneSimulator.Build.0 = Release|Any CPU
		{8CAE7EDA-C404-46BA-AA76-04892359F74E}.AppStore|iPhoneSimulator.Deploy.0 = Release|Any CPU
		{8CAE7EDA-C404-46BA-AA76-04892359F74E}.AppStore|x64.ActiveCfg = Debug|Any CPU
		{8CAE7EDA-C404-46BA-AA76-04892359F74E}.AppStore|x64.Build.0 = Debug|Any CPU
		{8CAE7EDA-C404-46BA-AA76-04892359F74E}.AppStore|x64.Deploy.0 = Debug|Any CPU
		{8CAE7EDA-C404-46BA-AA76-04892359F74E}.AppStore|x86.ActiveCfg = Release|Any CPU
		{8CAE7EDA-C404-46BA-AA76-04892359F74E}.AppStore|x86.Build.0 = Release|Any CPU
		{8CAE7EDA-C404-46BA-AA76-04892359F74E}.AppStore|x86.Deploy.0 = Release|Any CPU
		{8CAE7EDA-C404-46BA-AA76-04892359F74E}.Debug|Any CPU.ActiveCfg = Debug|Any CPU
		{8CAE7EDA-C404-46BA-AA76-04892359F74E}.Debug|Any CPU.Build.0 = Debug|Any CPU
		{8CAE7EDA-C404-46BA-AA76-04892359F74E}.Debug|Any CPU.Deploy.0 = Debug|Any CPU
		{8CAE7EDA-C404-46BA-AA76-04892359F74E}.Debug|ARM.ActiveCfg = Debug|Any CPU
		{8CAE7EDA-C404-46BA-AA76-04892359F74E}.Debug|ARM.Build.0 = Debug|Any CPU
		{8CAE7EDA-C404-46BA-AA76-04892359F74E}.Debug|ARM.Deploy.0 = Debug|Any CPU
		{8CAE7EDA-C404-46BA-AA76-04892359F74E}.Debug|iPhone.ActiveCfg = Debug|Any CPU
		{8CAE7EDA-C404-46BA-AA76-04892359F74E}.Debug|iPhone.Build.0 = Debug|Any CPU
		{8CAE7EDA-C404-46BA-AA76-04892359F74E}.Debug|iPhone.Deploy.0 = Debug|Any CPU
		{8CAE7EDA-C404-46BA-AA76-04892359F74E}.Debug|iPhoneSimulator.ActiveCfg = Debug|Any CPU
		{8CAE7EDA-C404-46BA-AA76-04892359F74E}.Debug|iPhoneSimulator.Build.0 = Debug|Any CPU
		{8CAE7EDA-C404-46BA-AA76-04892359F74E}.Debug|iPhoneSimulator.Deploy.0 = Debug|Any CPU
		{8CAE7EDA-C404-46BA-AA76-04892359F74E}.Debug|x64.ActiveCfg = Debug|Any CPU
		{8CAE7EDA-C404-46BA-AA76-04892359F74E}.Debug|x64.Build.0 = Debug|Any CPU
		{8CAE7EDA-C404-46BA-AA76-04892359F74E}.Debug|x64.Deploy.0 = Debug|Any CPU
		{8CAE7EDA-C404-46BA-AA76-04892359F74E}.Debug|x86.ActiveCfg = Debug|Any CPU
		{8CAE7EDA-C404-46BA-AA76-04892359F74E}.Debug|x86.Build.0 = Debug|Any CPU
		{8CAE7EDA-C404-46BA-AA76-04892359F74E}.Debug|x86.Deploy.0 = Debug|Any CPU
		{8CAE7EDA-C404-46BA-AA76-04892359F74E}.Release|Any CPU.ActiveCfg = Release|Any CPU
		{8CAE7EDA-C404-46BA-AA76-04892359F74E}.Release|Any CPU.Build.0 = Release|Any CPU
		{8CAE7EDA-C404-46BA-AA76-04892359F74E}.Release|Any CPU.Deploy.0 = Release|Any CPU
		{8CAE7EDA-C404-46BA-AA76-04892359F74E}.Release|ARM.ActiveCfg = Release|Any CPU
		{8CAE7EDA-C404-46BA-AA76-04892359F74E}.Release|ARM.Build.0 = Release|Any CPU
		{8CAE7EDA-C404-46BA-AA76-04892359F74E}.Release|ARM.Deploy.0 = Release|Any CPU
		{8CAE7EDA-C404-46BA-AA76-04892359F74E}.Release|iPhone.ActiveCfg = Release|Any CPU
		{8CAE7EDA-C404-46BA-AA76-04892359F74E}.Release|iPhone.Build.0 = Release|Any CPU
		{8CAE7EDA-C404-46BA-AA76-04892359F74E}.Release|iPhone.Deploy.0 = Release|Any CPU
		{8CAE7EDA-C404-46BA-AA76-04892359F74E}.Release|iPhoneSimulator.ActiveCfg = Release|Any CPU
		{8CAE7EDA-C404-46BA-AA76-04892359F74E}.Release|iPhoneSimulator.Build.0 = Release|Any CPU
		{8CAE7EDA-C404-46BA-AA76-04892359F74E}.Release|iPhoneSimulator.Deploy.0 = Release|Any CPU
		{8CAE7EDA-C404-46BA-AA76-04892359F74E}.Release|x64.ActiveCfg = Release|Any CPU
		{8CAE7EDA-C404-46BA-AA76-04892359F74E}.Release|x64.Build.0 = Release|Any CPU
		{8CAE7EDA-C404-46BA-AA76-04892359F74E}.Release|x64.Deploy.0 = Release|Any CPU
		{8CAE7EDA-C404-46BA-AA76-04892359F74E}.Release|x86.ActiveCfg = Release|Any CPU
		{8CAE7EDA-C404-46BA-AA76-04892359F74E}.Release|x86.Build.0 = Release|Any CPU
		{8CAE7EDA-C404-46BA-AA76-04892359F74E}.Release|x86.Deploy.0 = Release|Any CPU
		{AD8673E8-DE1B-4E00-84EE-1185F6096099}.Ad-Hoc|Any CPU.ActiveCfg = Ad-Hoc|iPhone
		{AD8673E8-DE1B-4E00-84EE-1185F6096099}.Ad-Hoc|ARM.ActiveCfg = Ad-Hoc|iPhone
		{AD8673E8-DE1B-4E00-84EE-1185F6096099}.Ad-Hoc|iPhone.ActiveCfg = Ad-Hoc|iPhone
		{AD8673E8-DE1B-4E00-84EE-1185F6096099}.Ad-Hoc|iPhone.Build.0 = Ad-Hoc|iPhone
		{AD8673E8-DE1B-4E00-84EE-1185F6096099}.Ad-Hoc|iPhoneSimulator.ActiveCfg = Ad-Hoc|iPhoneSimulator
		{AD8673E8-DE1B-4E00-84EE-1185F6096099}.Ad-Hoc|iPhoneSimulator.Build.0 = Ad-Hoc|iPhoneSimulator
		{AD8673E8-DE1B-4E00-84EE-1185F6096099}.Ad-Hoc|x64.ActiveCfg = Ad-Hoc|iPhoneSimulator
		{AD8673E8-DE1B-4E00-84EE-1185F6096099}.Ad-Hoc|x86.ActiveCfg = Ad-Hoc|iPhone
		{AD8673E8-DE1B-4E00-84EE-1185F6096099}.AppStore|Any CPU.ActiveCfg = AppStore|iPhone
		{AD8673E8-DE1B-4E00-84EE-1185F6096099}.AppStore|ARM.ActiveCfg = AppStore|iPhone
		{AD8673E8-DE1B-4E00-84EE-1185F6096099}.AppStore|iPhone.ActiveCfg = AppStore|iPhone
		{AD8673E8-DE1B-4E00-84EE-1185F6096099}.AppStore|iPhone.Build.0 = AppStore|iPhone
		{AD8673E8-DE1B-4E00-84EE-1185F6096099}.AppStore|iPhoneSimulator.ActiveCfg = AppStore|iPhoneSimulator
		{AD8673E8-DE1B-4E00-84EE-1185F6096099}.AppStore|iPhoneSimulator.Build.0 = AppStore|iPhoneSimulator
		{AD8673E8-DE1B-4E00-84EE-1185F6096099}.AppStore|x64.ActiveCfg = AppStore|iPhoneSimulator
		{AD8673E8-DE1B-4E00-84EE-1185F6096099}.AppStore|x86.ActiveCfg = AppStore|iPhone
		{AD8673E8-DE1B-4E00-84EE-1185F6096099}.Debug|Any CPU.ActiveCfg = Debug|iPhone
		{AD8673E8-DE1B-4E00-84EE-1185F6096099}.Debug|ARM.ActiveCfg = Debug|iPhone
		{AD8673E8-DE1B-4E00-84EE-1185F6096099}.Debug|iPhone.ActiveCfg = Debug|iPhone
		{AD8673E8-DE1B-4E00-84EE-1185F6096099}.Debug|iPhone.Build.0 = Debug|iPhone
		{AD8673E8-DE1B-4E00-84EE-1185F6096099}.Debug|iPhoneSimulator.ActiveCfg = Debug|iPhoneSimulator
		{AD8673E8-DE1B-4E00-84EE-1185F6096099}.Debug|iPhoneSimulator.Build.0 = Debug|iPhoneSimulator
		{AD8673E8-DE1B-4E00-84EE-1185F6096099}.Debug|x64.ActiveCfg = Debug|iPhoneSimulator
		{AD8673E8-DE1B-4E00-84EE-1185F6096099}.Debug|x86.ActiveCfg = Debug|iPhone
		{AD8673E8-DE1B-4E00-84EE-1185F6096099}.Release|Any CPU.ActiveCfg = Release|iPhone
		{AD8673E8-DE1B-4E00-84EE-1185F6096099}.Release|ARM.ActiveCfg = Release|iPhone
		{AD8673E8-DE1B-4E00-84EE-1185F6096099}.Release|iPhone.ActiveCfg = Release|iPhone
		{AD8673E8-DE1B-4E00-84EE-1185F6096099}.Release|iPhone.Build.0 = Release|iPhone
		{AD8673E8-DE1B-4E00-84EE-1185F6096099}.Release|iPhoneSimulator.ActiveCfg = Release|iPhoneSimulator
		{AD8673E8-DE1B-4E00-84EE-1185F6096099}.Release|iPhoneSimulator.Build.0 = Release|iPhoneSimulator
		{AD8673E8-DE1B-4E00-84EE-1185F6096099}.Release|x64.ActiveCfg = Release|iPhoneSimulator
		{AD8673E8-DE1B-4E00-84EE-1185F6096099}.Release|x86.ActiveCfg = Release|iPhone
		{8BA8D937-D8B6-4F85-9D7A-15971E64E9A1}.Ad-Hoc|Any CPU.ActiveCfg = Release|Any CPU
		{8BA8D937-D8B6-4F85-9D7A-15971E64E9A1}.Ad-Hoc|Any CPU.Build.0 = Release|Any CPU
		{8BA8D937-D8B6-4F85-9D7A-15971E64E9A1}.Ad-Hoc|Any CPU.Deploy.0 = Release|Any CPU
		{8BA8D937-D8B6-4F85-9D7A-15971E64E9A1}.Ad-Hoc|ARM.ActiveCfg = Release|ARM
		{8BA8D937-D8B6-4F85-9D7A-15971E64E9A1}.Ad-Hoc|ARM.Build.0 = Release|ARM
		{8BA8D937-D8B6-4F85-9D7A-15971E64E9A1}.Ad-Hoc|ARM.Deploy.0 = Release|ARM
		{8BA8D937-D8B6-4F85-9D7A-15971E64E9A1}.Ad-Hoc|iPhone.ActiveCfg = Release|Any CPU
		{8BA8D937-D8B6-4F85-9D7A-15971E64E9A1}.Ad-Hoc|iPhone.Build.0 = Release|Any CPU
		{8BA8D937-D8B6-4F85-9D7A-15971E64E9A1}.Ad-Hoc|iPhone.Deploy.0 = Release|Any CPU
		{8BA8D937-D8B6-4F85-9D7A-15971E64E9A1}.Ad-Hoc|iPhoneSimulator.ActiveCfg = Release|Any CPU
		{8BA8D937-D8B6-4F85-9D7A-15971E64E9A1}.Ad-Hoc|iPhoneSimulator.Build.0 = Release|Any CPU
		{8BA8D937-D8B6-4F85-9D7A-15971E64E9A1}.Ad-Hoc|iPhoneSimulator.Deploy.0 = Release|Any CPU
		{8BA8D937-D8B6-4F85-9D7A-15971E64E9A1}.Ad-Hoc|x64.ActiveCfg = Debug|Any CPU
		{8BA8D937-D8B6-4F85-9D7A-15971E64E9A1}.Ad-Hoc|x64.Build.0 = Debug|Any CPU
		{8BA8D937-D8B6-4F85-9D7A-15971E64E9A1}.Ad-Hoc|x64.Deploy.0 = Debug|Any CPU
		{8BA8D937-D8B6-4F85-9D7A-15971E64E9A1}.Ad-Hoc|x86.ActiveCfg = Release|x86
		{8BA8D937-D8B6-4F85-9D7A-15971E64E9A1}.Ad-Hoc|x86.Build.0 = Release|x86
		{8BA8D937-D8B6-4F85-9D7A-15971E64E9A1}.Ad-Hoc|x86.Deploy.0 = Release|x86
		{8BA8D937-D8B6-4F85-9D7A-15971E64E9A1}.AppStore|Any CPU.ActiveCfg = Release|Any CPU
		{8BA8D937-D8B6-4F85-9D7A-15971E64E9A1}.AppStore|Any CPU.Build.0 = Release|Any CPU
		{8BA8D937-D8B6-4F85-9D7A-15971E64E9A1}.AppStore|Any CPU.Deploy.0 = Release|Any CPU
		{8BA8D937-D8B6-4F85-9D7A-15971E64E9A1}.AppStore|ARM.ActiveCfg = Release|ARM
		{8BA8D937-D8B6-4F85-9D7A-15971E64E9A1}.AppStore|ARM.Build.0 = Release|ARM
		{8BA8D937-D8B6-4F85-9D7A-15971E64E9A1}.AppStore|ARM.Deploy.0 = Release|ARM
		{8BA8D937-D8B6-4F85-9D7A-15971E64E9A1}.AppStore|iPhone.ActiveCfg = Release|Any CPU
		{8BA8D937-D8B6-4F85-9D7A-15971E64E9A1}.AppStore|iPhone.Build.0 = Release|Any CPU
		{8BA8D937-D8B6-4F85-9D7A-15971E64E9A1}.AppStore|iPhone.Deploy.0 = Release|Any CPU
		{8BA8D937-D8B6-4F85-9D7A-15971E64E9A1}.AppStore|iPhoneSimulator.ActiveCfg = Release|Any CPU
		{8BA8D937-D8B6-4F85-9D7A-15971E64E9A1}.AppStore|iPhoneSimulator.Build.0 = Release|Any CPU
		{8BA8D937-D8B6-4F85-9D7A-15971E64E9A1}.AppStore|iPhoneSimulator.Deploy.0 = Release|Any CPU
		{8BA8D937-D8B6-4F85-9D7A-15971E64E9A1}.AppStore|x64.ActiveCfg = Debug|Any CPU
		{8BA8D937-D8B6-4F85-9D7A-15971E64E9A1}.AppStore|x64.Build.0 = Debug|Any CPU
		{8BA8D937-D8B6-4F85-9D7A-15971E64E9A1}.AppStore|x64.Deploy.0 = Debug|Any CPU
		{8BA8D937-D8B6-4F85-9D7A-15971E64E9A1}.AppStore|x86.ActiveCfg = Release|x86
		{8BA8D937-D8B6-4F85-9D7A-15971E64E9A1}.AppStore|x86.Build.0 = Release|x86
		{8BA8D937-D8B6-4F85-9D7A-15971E64E9A1}.AppStore|x86.Deploy.0 = Release|x86
		{8BA8D937-D8B6-4F85-9D7A-15971E64E9A1}.Debug|Any CPU.ActiveCfg = Debug|Any CPU
		{8BA8D937-D8B6-4F85-9D7A-15971E64E9A1}.Debug|ARM.ActiveCfg = Debug|ARM
		{8BA8D937-D8B6-4F85-9D7A-15971E64E9A1}.Debug|ARM.Build.0 = Debug|ARM
		{8BA8D937-D8B6-4F85-9D7A-15971E64E9A1}.Debug|ARM.Deploy.0 = Debug|ARM
		{8BA8D937-D8B6-4F85-9D7A-15971E64E9A1}.Debug|iPhone.ActiveCfg = Debug|Any CPU
		{8BA8D937-D8B6-4F85-9D7A-15971E64E9A1}.Debug|iPhone.Build.0 = Debug|Any CPU
		{8BA8D937-D8B6-4F85-9D7A-15971E64E9A1}.Debug|iPhone.Deploy.0 = Debug|Any CPU
		{8BA8D937-D8B6-4F85-9D7A-15971E64E9A1}.Debug|iPhoneSimulator.ActiveCfg = Debug|Any CPU
		{8BA8D937-D8B6-4F85-9D7A-15971E64E9A1}.Debug|iPhoneSimulator.Build.0 = Debug|Any CPU
		{8BA8D937-D8B6-4F85-9D7A-15971E64E9A1}.Debug|iPhoneSimulator.Deploy.0 = Debug|Any CPU
		{8BA8D937-D8B6-4F85-9D7A-15971E64E9A1}.Debug|x64.ActiveCfg = Debug|Any CPU
		{8BA8D937-D8B6-4F85-9D7A-15971E64E9A1}.Debug|x64.Build.0 = Debug|Any CPU
		{8BA8D937-D8B6-4F85-9D7A-15971E64E9A1}.Debug|x64.Deploy.0 = Debug|Any CPU
		{8BA8D937-D8B6-4F85-9D7A-15971E64E9A1}.Debug|x86.ActiveCfg = Debug|x86
		{8BA8D937-D8B6-4F85-9D7A-15971E64E9A1}.Debug|x86.Build.0 = Debug|x86
		{8BA8D937-D8B6-4F85-9D7A-15971E64E9A1}.Debug|x86.Deploy.0 = Debug|x86
		{8BA8D937-D8B6-4F85-9D7A-15971E64E9A1}.Release|Any CPU.ActiveCfg = Release|Any CPU
		{8BA8D937-D8B6-4F85-9D7A-15971E64E9A1}.Release|Any CPU.Build.0 = Release|Any CPU
		{8BA8D937-D8B6-4F85-9D7A-15971E64E9A1}.Release|Any CPU.Deploy.0 = Release|Any CPU
		{8BA8D937-D8B6-4F85-9D7A-15971E64E9A1}.Release|ARM.ActiveCfg = Release|ARM
		{8BA8D937-D8B6-4F85-9D7A-15971E64E9A1}.Release|ARM.Build.0 = Release|ARM
		{8BA8D937-D8B6-4F85-9D7A-15971E64E9A1}.Release|ARM.Deploy.0 = Release|ARM
		{8BA8D937-D8B6-4F85-9D7A-15971E64E9A1}.Release|iPhone.ActiveCfg = Release|Any CPU
		{8BA8D937-D8B6-4F85-9D7A-15971E64E9A1}.Release|iPhone.Build.0 = Release|Any CPU
		{8BA8D937-D8B6-4F85-9D7A-15971E64E9A1}.Release|iPhone.Deploy.0 = Release|Any CPU
		{8BA8D937-D8B6-4F85-9D7A-15971E64E9A1}.Release|iPhoneSimulator.ActiveCfg = Release|Any CPU
		{8BA8D937-D8B6-4F85-9D7A-15971E64E9A1}.Release|iPhoneSimulator.Build.0 = Release|Any CPU
		{8BA8D937-D8B6-4F85-9D7A-15971E64E9A1}.Release|iPhoneSimulator.Deploy.0 = Release|Any CPU
		{8BA8D937-D8B6-4F85-9D7A-15971E64E9A1}.Release|x64.ActiveCfg = Release|Any CPU
		{8BA8D937-D8B6-4F85-9D7A-15971E64E9A1}.Release|x64.Build.0 = Release|Any CPU
		{8BA8D937-D8B6-4F85-9D7A-15971E64E9A1}.Release|x64.Deploy.0 = Release|Any CPU
		{8BA8D937-D8B6-4F85-9D7A-15971E64E9A1}.Release|x86.ActiveCfg = Release|x86
		{8BA8D937-D8B6-4F85-9D7A-15971E64E9A1}.Release|x86.Build.0 = Release|x86
		{8BA8D937-D8B6-4F85-9D7A-15971E64E9A1}.Release|x86.Deploy.0 = Release|x86
		{38E17211-B717-49A4-A7C1-01A872BC9EF6}.Ad-Hoc|Any CPU.ActiveCfg = Release|Any CPU
		{38E17211-B717-49A4-A7C1-01A872BC9EF6}.Ad-Hoc|Any CPU.Build.0 = Release|Any CPU
		{38E17211-B717-49A4-A7C1-01A872BC9EF6}.Ad-Hoc|ARM.ActiveCfg = Release|Any CPU
		{38E17211-B717-49A4-A7C1-01A872BC9EF6}.Ad-Hoc|ARM.Build.0 = Release|Any CPU
		{38E17211-B717-49A4-A7C1-01A872BC9EF6}.Ad-Hoc|iPhone.ActiveCfg = Release|Any CPU
		{38E17211-B717-49A4-A7C1-01A872BC9EF6}.Ad-Hoc|iPhone.Build.0 = Release|Any CPU
		{38E17211-B717-49A4-A7C1-01A872BC9EF6}.Ad-Hoc|iPhoneSimulator.ActiveCfg = Release|Any CPU
		{38E17211-B717-49A4-A7C1-01A872BC9EF6}.Ad-Hoc|iPhoneSimulator.Build.0 = Release|Any CPU
		{38E17211-B717-49A4-A7C1-01A872BC9EF6}.Ad-Hoc|x64.ActiveCfg = Debug|Any CPU
		{38E17211-B717-49A4-A7C1-01A872BC9EF6}.Ad-Hoc|x64.Build.0 = Debug|Any CPU
		{38E17211-B717-49A4-A7C1-01A872BC9EF6}.Ad-Hoc|x86.ActiveCfg = Release|Any CPU
		{38E17211-B717-49A4-A7C1-01A872BC9EF6}.Ad-Hoc|x86.Build.0 = Release|Any CPU
		{38E17211-B717-49A4-A7C1-01A872BC9EF6}.AppStore|Any CPU.ActiveCfg = Release|Any CPU
		{38E17211-B717-49A4-A7C1-01A872BC9EF6}.AppStore|Any CPU.Build.0 = Release|Any CPU
		{38E17211-B717-49A4-A7C1-01A872BC9EF6}.AppStore|ARM.ActiveCfg = Release|Any CPU
		{38E17211-B717-49A4-A7C1-01A872BC9EF6}.AppStore|ARM.Build.0 = Release|Any CPU
		{38E17211-B717-49A4-A7C1-01A872BC9EF6}.AppStore|iPhone.ActiveCfg = Release|Any CPU
		{38E17211-B717-49A4-A7C1-01A872BC9EF6}.AppStore|iPhone.Build.0 = Release|Any CPU
		{38E17211-B717-49A4-A7C1-01A872BC9EF6}.AppStore|iPhoneSimulator.ActiveCfg = Release|Any CPU
		{38E17211-B717-49A4-A7C1-01A872BC9EF6}.AppStore|iPhoneSimulator.Build.0 = Release|Any CPU
		{38E17211-B717-49A4-A7C1-01A872BC9EF6}.AppStore|x64.ActiveCfg = Debug|Any CPU
		{38E17211-B717-49A4-A7C1-01A872BC9EF6}.AppStore|x64.Build.0 = Debug|Any CPU
		{38E17211-B717-49A4-A7C1-01A872BC9EF6}.AppStore|x86.ActiveCfg = Release|Any CPU
		{38E17211-B717-49A4-A7C1-01A872BC9EF6}.AppStore|x86.Build.0 = Release|Any CPU
		{38E17211-B717-49A4-A7C1-01A872BC9EF6}.Debug|Any CPU.ActiveCfg = Debug|Any CPU
		{38E17211-B717-49A4-A7C1-01A872BC9EF6}.Debug|Any CPU.Build.0 = Debug|Any CPU
		{38E17211-B717-49A4-A7C1-01A872BC9EF6}.Debug|Any CPU.Deploy.0 = Debug|Any CPU
		{38E17211-B717-49A4-A7C1-01A872BC9EF6}.Debug|ARM.ActiveCfg = Debug|Any CPU
		{38E17211-B717-49A4-A7C1-01A872BC9EF6}.Debug|ARM.Build.0 = Debug|Any CPU
		{38E17211-B717-49A4-A7C1-01A872BC9EF6}.Debug|iPhone.ActiveCfg = Debug|Any CPU
		{38E17211-B717-49A4-A7C1-01A872BC9EF6}.Debug|iPhone.Build.0 = Debug|Any CPU
		{38E17211-B717-49A4-A7C1-01A872BC9EF6}.Debug|iPhoneSimulator.ActiveCfg = Debug|Any CPU
		{38E17211-B717-49A4-A7C1-01A872BC9EF6}.Debug|iPhoneSimulator.Build.0 = Debug|Any CPU
		{38E17211-B717-49A4-A7C1-01A872BC9EF6}.Debug|x64.ActiveCfg = Debug|Any CPU
		{38E17211-B717-49A4-A7C1-01A872BC9EF6}.Debug|x64.Build.0 = Debug|Any CPU
		{38E17211-B717-49A4-A7C1-01A872BC9EF6}.Debug|x86.ActiveCfg = Debug|Any CPU
		{38E17211-B717-49A4-A7C1-01A872BC9EF6}.Debug|x86.Build.0 = Debug|Any CPU
		{38E17211-B717-49A4-A7C1-01A872BC9EF6}.Release|Any CPU.ActiveCfg = Release|Any CPU
		{38E17211-B717-49A4-A7C1-01A872BC9EF6}.Release|Any CPU.Build.0 = Release|Any CPU
		{38E17211-B717-49A4-A7C1-01A872BC9EF6}.Release|ARM.ActiveCfg = Release|Any CPU
		{38E17211-B717-49A4-A7C1-01A872BC9EF6}.Release|ARM.Build.0 = Release|Any CPU
		{38E17211-B717-49A4-A7C1-01A872BC9EF6}.Release|iPhone.ActiveCfg = Release|Any CPU
		{38E17211-B717-49A4-A7C1-01A872BC9EF6}.Release|iPhone.Build.0 = Release|Any CPU
		{38E17211-B717-49A4-A7C1-01A872BC9EF6}.Release|iPhoneSimulator.ActiveCfg = Release|Any CPU
		{38E17211-B717-49A4-A7C1-01A872BC9EF6}.Release|iPhoneSimulator.Build.0 = Release|Any CPU
		{38E17211-B717-49A4-A7C1-01A872BC9EF6}.Release|x64.ActiveCfg = Release|Any CPU
		{38E17211-B717-49A4-A7C1-01A872BC9EF6}.Release|x64.Build.0 = Release|Any CPU
		{38E17211-B717-49A4-A7C1-01A872BC9EF6}.Release|x86.ActiveCfg = Release|Any CPU
		{38E17211-B717-49A4-A7C1-01A872BC9EF6}.Release|x86.Build.0 = Release|Any CPU
		{6F90B13B-03CC-4D31-9CD0-38C999561B93}.Ad-Hoc|Any CPU.ActiveCfg = Release|Any CPU
		{6F90B13B-03CC-4D31-9CD0-38C999561B93}.Ad-Hoc|Any CPU.Build.0 = Release|Any CPU
		{6F90B13B-03CC-4D31-9CD0-38C999561B93}.Ad-Hoc|Any CPU.Deploy.0 = Release|Any CPU
		{6F90B13B-03CC-4D31-9CD0-38C999561B93}.Ad-Hoc|ARM.ActiveCfg = Release|ARM
		{6F90B13B-03CC-4D31-9CD0-38C999561B93}.Ad-Hoc|ARM.Build.0 = Release|ARM
		{6F90B13B-03CC-4D31-9CD0-38C999561B93}.Ad-Hoc|ARM.Deploy.0 = Release|ARM
		{6F90B13B-03CC-4D31-9CD0-38C999561B93}.Ad-Hoc|iPhone.ActiveCfg = Release|Any CPU
		{6F90B13B-03CC-4D31-9CD0-38C999561B93}.Ad-Hoc|iPhone.Build.0 = Release|Any CPU
		{6F90B13B-03CC-4D31-9CD0-38C999561B93}.Ad-Hoc|iPhone.Deploy.0 = Release|Any CPU
		{6F90B13B-03CC-4D31-9CD0-38C999561B93}.Ad-Hoc|iPhoneSimulator.ActiveCfg = Release|Any CPU
		{6F90B13B-03CC-4D31-9CD0-38C999561B93}.Ad-Hoc|iPhoneSimulator.Build.0 = Release|Any CPU
		{6F90B13B-03CC-4D31-9CD0-38C999561B93}.Ad-Hoc|iPhoneSimulator.Deploy.0 = Release|Any CPU
		{6F90B13B-03CC-4D31-9CD0-38C999561B93}.Ad-Hoc|x64.ActiveCfg = Release|x64
		{6F90B13B-03CC-4D31-9CD0-38C999561B93}.Ad-Hoc|x64.Build.0 = Release|x64
		{6F90B13B-03CC-4D31-9CD0-38C999561B93}.Ad-Hoc|x64.Deploy.0 = Release|x64
		{6F90B13B-03CC-4D31-9CD0-38C999561B93}.Ad-Hoc|x86.ActiveCfg = Release|x86
		{6F90B13B-03CC-4D31-9CD0-38C999561B93}.Ad-Hoc|x86.Build.0 = Release|x86
		{6F90B13B-03CC-4D31-9CD0-38C999561B93}.Ad-Hoc|x86.Deploy.0 = Release|x86
		{6F90B13B-03CC-4D31-9CD0-38C999561B93}.AppStore|Any CPU.ActiveCfg = Release|Any CPU
		{6F90B13B-03CC-4D31-9CD0-38C999561B93}.AppStore|Any CPU.Build.0 = Release|Any CPU
		{6F90B13B-03CC-4D31-9CD0-38C999561B93}.AppStore|Any CPU.Deploy.0 = Release|Any CPU
		{6F90B13B-03CC-4D31-9CD0-38C999561B93}.AppStore|ARM.ActiveCfg = Release|ARM
		{6F90B13B-03CC-4D31-9CD0-38C999561B93}.AppStore|ARM.Build.0 = Release|ARM
		{6F90B13B-03CC-4D31-9CD0-38C999561B93}.AppStore|ARM.Deploy.0 = Release|ARM
		{6F90B13B-03CC-4D31-9CD0-38C999561B93}.AppStore|iPhone.ActiveCfg = Release|Any CPU
		{6F90B13B-03CC-4D31-9CD0-38C999561B93}.AppStore|iPhone.Build.0 = Release|Any CPU
		{6F90B13B-03CC-4D31-9CD0-38C999561B93}.AppStore|iPhone.Deploy.0 = Release|Any CPU
		{6F90B13B-03CC-4D31-9CD0-38C999561B93}.AppStore|iPhoneSimulator.ActiveCfg = Release|Any CPU
		{6F90B13B-03CC-4D31-9CD0-38C999561B93}.AppStore|iPhoneSimulator.Build.0 = Release|Any CPU
		{6F90B13B-03CC-4D31-9CD0-38C999561B93}.AppStore|iPhoneSimulator.Deploy.0 = Release|Any CPU
		{6F90B13B-03CC-4D31-9CD0-38C999561B93}.AppStore|x64.ActiveCfg = Release|x64
		{6F90B13B-03CC-4D31-9CD0-38C999561B93}.AppStore|x64.Build.0 = Release|x64
		{6F90B13B-03CC-4D31-9CD0-38C999561B93}.AppStore|x64.Deploy.0 = Release|x64
		{6F90B13B-03CC-4D31-9CD0-38C999561B93}.AppStore|x86.ActiveCfg = Release|x86
		{6F90B13B-03CC-4D31-9CD0-38C999561B93}.AppStore|x86.Build.0 = Release|x86
		{6F90B13B-03CC-4D31-9CD0-38C999561B93}.AppStore|x86.Deploy.0 = Release|x86
		{6F90B13B-03CC-4D31-9CD0-38C999561B93}.Debug|Any CPU.ActiveCfg = Debug|Any CPU
		{6F90B13B-03CC-4D31-9CD0-38C999561B93}.Debug|ARM.ActiveCfg = Debug|ARM
		{6F90B13B-03CC-4D31-9CD0-38C999561B93}.Debug|ARM.Build.0 = Debug|ARM
		{6F90B13B-03CC-4D31-9CD0-38C999561B93}.Debug|ARM.Deploy.0 = Debug|ARM
		{6F90B13B-03CC-4D31-9CD0-38C999561B93}.Debug|iPhone.ActiveCfg = Debug|Any CPU
		{6F90B13B-03CC-4D31-9CD0-38C999561B93}.Debug|iPhone.Build.0 = Debug|Any CPU
		{6F90B13B-03CC-4D31-9CD0-38C999561B93}.Debug|iPhone.Deploy.0 = Debug|Any CPU
		{6F90B13B-03CC-4D31-9CD0-38C999561B93}.Debug|iPhoneSimulator.ActiveCfg = Debug|Any CPU
		{6F90B13B-03CC-4D31-9CD0-38C999561B93}.Debug|iPhoneSimulator.Build.0 = Debug|Any CPU
		{6F90B13B-03CC-4D31-9CD0-38C999561B93}.Debug|iPhoneSimulator.Deploy.0 = Debug|Any CPU
		{6F90B13B-03CC-4D31-9CD0-38C999561B93}.Debug|x64.ActiveCfg = Debug|x64
		{6F90B13B-03CC-4D31-9CD0-38C999561B93}.Debug|x64.Build.0 = Debug|x64
		{6F90B13B-03CC-4D31-9CD0-38C999561B93}.Debug|x64.Deploy.0 = Debug|x64
		{6F90B13B-03CC-4D31-9CD0-38C999561B93}.Debug|x86.ActiveCfg = Debug|x86
		{6F90B13B-03CC-4D31-9CD0-38C999561B93}.Debug|x86.Build.0 = Debug|x86
		{6F90B13B-03CC-4D31-9CD0-38C999561B93}.Debug|x86.Deploy.0 = Debug|x86
		{6F90B13B-03CC-4D31-9CD0-38C999561B93}.Release|Any CPU.ActiveCfg = Release|Any CPU
		{6F90B13B-03CC-4D31-9CD0-38C999561B93}.Release|Any CPU.Build.0 = Release|Any CPU
		{6F90B13B-03CC-4D31-9CD0-38C999561B93}.Release|Any CPU.Deploy.0 = Release|Any CPU
		{6F90B13B-03CC-4D31-9CD0-38C999561B93}.Release|ARM.ActiveCfg = Release|ARM
		{6F90B13B-03CC-4D31-9CD0-38C999561B93}.Release|ARM.Build.0 = Release|ARM
		{6F90B13B-03CC-4D31-9CD0-38C999561B93}.Release|ARM.Deploy.0 = Release|ARM
		{6F90B13B-03CC-4D31-9CD0-38C999561B93}.Release|iPhone.ActiveCfg = Release|Any CPU
		{6F90B13B-03CC-4D31-9CD0-38C999561B93}.Release|iPhone.Build.0 = Release|Any CPU
		{6F90B13B-03CC-4D31-9CD0-38C999561B93}.Release|iPhone.Deploy.0 = Release|Any CPU
		{6F90B13B-03CC-4D31-9CD0-38C999561B93}.Release|iPhoneSimulator.ActiveCfg = Release|Any CPU
		{6F90B13B-03CC-4D31-9CD0-38C999561B93}.Release|iPhoneSimulator.Build.0 = Release|Any CPU
		{6F90B13B-03CC-4D31-9CD0-38C999561B93}.Release|iPhoneSimulator.Deploy.0 = Release|Any CPU
		{6F90B13B-03CC-4D31-9CD0-38C999561B93}.Release|x64.ActiveCfg = Release|x64
		{6F90B13B-03CC-4D31-9CD0-38C999561B93}.Release|x64.Build.0 = Release|x64
		{6F90B13B-03CC-4D31-9CD0-38C999561B93}.Release|x64.Deploy.0 = Release|x64
		{6F90B13B-03CC-4D31-9CD0-38C999561B93}.Release|x86.ActiveCfg = Release|x86
		{6F90B13B-03CC-4D31-9CD0-38C999561B93}.Release|x86.Build.0 = Release|x86
		{6F90B13B-03CC-4D31-9CD0-38C999561B93}.Release|x86.Deploy.0 = Release|x86
	EndGlobalSection
	GlobalSection(SolutionProperties) = preSolution
		HideSolutionNode = FALSE
	EndGlobalSection
	GlobalSection(NestedProjects) = preSolution
		{8CAE7EDA-C404-46BA-AA76-04892359F74E} = {CF21C455-F282-4B6F-B575-116B27AD04B9}
		{AD8673E8-DE1B-4E00-84EE-1185F6096099} = {CF21C455-F282-4B6F-B575-116B27AD04B9}
		{8BA8D937-D8B6-4F85-9D7A-15971E64E9A1} = {CF21C455-F282-4B6F-B575-116B27AD04B9}
		{38E17211-B717-49A4-A7C1-01A872BC9EF6} = {CF21C455-F282-4B6F-B575-116B27AD04B9}
		{6F90B13B-03CC-4D31-9CD0-38C999561B93} = {71B616F4-FFE7-44F5-98E6-FA041C26FB81}
	EndGlobalSection
EndGlobal
